
Microsoft Visual Studio Solution File, Format Version 12.00
# Visual Studio 15
Project("{FAE04EC0-301F-11D3-BF4B-00C04F79EFBC}") = "Assembly-CSharp-Editor", "Assembly-CSharp-Editor.csproj", "{CFFB14AC-05BC-E321-1694-B6D239E1B0EC}"
EndProject
Project("{FAE04EC0-301F-11D3-BF4B-00C04F79EFBC}") = "Assembly-CSharp", "Assembly-CSharp.csproj", "{011D62EF-31D0-EB37-F952-95D31B543551}"
EndProject
Global
	GlobalSection(SolutionConfigurationPlatforms) = preSolution
		Debug|Any CPU = Debug|Any CPU
		Release|Any CPU = Release|Any CPU
	EndGlobalSection
	GlobalSection(ProjectConfigurationPlatforms) = postSolution
		{CFFB14AC-05BC-E321-1694-B6D239E1B0EC}.Debug|Any CPU.ActiveCfg = Debug|Any CPU
		{CFFB14AC-05BC-E321-1694-B6D239E1B0EC}.Debug|Any CPU.Build.0 = Debug|Any CPU
		{CFFB14AC-05BC-E321-1694-B6D239E1B0EC}.Release|Any CPU.ActiveCfg = Release|Any CPU
		{CFFB14AC-05BC-E321-1694-B6D239E1B0EC}.Release|Any CPU.Build.0 = Release|Any CPU
		{011D62EF-31D0-EB37-F952-95D31B543551}.Debug|Any CPU.ActiveCfg = Debug|Any CPU
		{011D62EF-31D0-EB37-F952-95D31B543551}.Debug|Any CPU.Build.0 = Debug|Any CPU
		{011D62EF-31D0-EB37-F952-95D31B543551}.Release|Any CPU.ActiveCfg = Release|Any CPU
		{011D62EF-31D0-EB37-F952-95D31B543551}.Release|Any CPU.Build.0 = Release|Any CPU
	EndGlobalSection
	GlobalSection(SolutionProperties) = preSolution
		HideSolutionNode = FALSE
	EndGlobalSection
EndGlobal
